
Microsoft Visual Studio Solution File, Format Version 12.00
# Visual Studio 15
VisualStudioVersion = 15.0.28010.2016
MinimumVisualStudioVersion = 10.0.40219.1
Project("{FAE04EC0-301F-11D3-BF4B-00C04F79EFBC}") = "Squeaky Clean", "Squeaky Clean.csproj", "{63AEF3FC-0EC3-4B0E-BA76-7410BA149AF2}"
EndProject
Global
	GlobalSection(SolutionConfigurationPlatforms) = preSolution
		Debug|Any CPU = Debug|Any CPU
		Release|Any CPU = Release|Any CPU
	EndGlobalSection
	GlobalSection(ProjectConfigurationPlatforms) = postSolution
		{63AEF3FC-0EC3-4B0E-BA76-7410BA149AF2}.Debug|Any CPU.ActiveCfg = Debug|Any CPU
		{63AEF3FC-0EC3-4B0E-BA76-7410BA149AF2}.Debug|Any CPU.Build.0 = Debug|Any CPU
		{63AEF3FC-0EC3-4B0E-BA76-7410BA149AF2}.Release|Any CPU.ActiveCfg = Release|Any CPU
		{63AEF3FC-0EC3-4B0E-BA76-7410BA149AF2}.Release|Any CPU.Build.0 = Release|Any CPU
	EndGlobalSection
	GlobalSection(SolutionProperties) = preSolution
		HideSolutionNode = FALSE
	EndGlobalSection
	GlobalSection(ExtensibilityGlobals) = postSolution
		SolutionGuid = {538F0C6D-DAF0-4CD5-8A61-55062716EA9D}
	EndGlobalSection
EndGlobal
